
Microsoft Visual Studio Solution File, Format Version 12.00
# Visual Studio for Mac
Project("{FAE04EC0-301F-11D3-BF4B-00C04F79EFBC}") = "2dTools", "Assembly-CSharp.csproj", "{814842B1-4FF7-A4D7-7C47-2CD815A8446A}"
EndProject
Project("{FAE04EC0-301F-11D3-BF4B-00C04F79EFBC}") = "2dTools", "Assembly-CSharp-Editor.csproj", "{899B5B73-4380-46E5-7750-64B698D488AA}"
EndProject
Global
	GlobalSection(SolutionConfigurationPlatforms) = preSolution
		Debug|Any CPU = Debug|Any CPU
		Release|Any CPU = Release|Any CPU
	EndGlobalSection
	GlobalSection(ProjectConfigurationPlatforms) = postSolution
		{814842B1-4FF7-A4D7-7C47-2CD815A8446A}.Debug|Any CPU.ActiveCfg = Debug|Any CPU
		{814842B1-4FF7-A4D7-7C47-2CD815A8446A}.Debug|Any CPU.Build.0 = Debug|Any CPU
		{814842B1-4FF7-A4D7-7C47-2CD815A8446A}.Release|Any CPU.ActiveCfg = Release|Any CPU
		{814842B1-4FF7-A4D7-7C47-2CD815A8446A}.Release|Any CPU.Build.0 = Release|Any CPU
		{899B5B73-4380-46E5-7750-64B698D488AA}.Debug|Any CPU.ActiveCfg = Debug|Any CPU
		{899B5B73-4380-46E5-7750-64B698D488AA}.Debug|Any CPU.Build.0 = Debug|Any CPU
		{899B5B73-4380-46E5-7750-64B698D488AA}.Release|Any CPU.ActiveCfg = Release|Any CPU
		{899B5B73-4380-46E5-7750-64B698D488AA}.Release|Any CPU.Build.0 = Release|Any CPU
	EndGlobalSection
	GlobalSection(SolutionProperties) = preSolution
		HideSolutionNode = FALSE
	EndGlobalSection
EndGlobal
