
Microsoft Visual Studio Solution File, Format Version 12.00
# Visual Studio for Mac
Project("{FAE04EC0-301F-11D3-BF4B-00C04F79EFBC}") = "2dTools", "2dTools.csproj", "{D6EB4056-5A45-EEFB-5E33-D6FFE12982CF}"
EndProject
Project("{FAE04EC0-301F-11D3-BF4B-00C04F79EFBC}") = "Unity.PackageManagerUI.Editor", "Unity.PackageManagerUI.Editor.csproj", "{6877705C-FBD9-0C4F-5AFB-6FB431E5D39D}"
EndProject
Project("{FAE04EC0-301F-11D3-BF4B-00C04F79EFBC}") = "2dTools.Editor", "2dTools.Editor.csproj", "{F144E20E-2111-AE4B-25CD-7E8BCA2BD566}"
EndProject
Global
	GlobalSection(SolutionConfigurationPlatforms) = preSolution
		Debug|Any CPU = Debug|Any CPU
		Release|Any CPU = Release|Any CPU
	EndGlobalSection
	GlobalSection(ProjectConfigurationPlatforms) = postSolution
		{D6EB4056-5A45-EEFB-5E33-D6FFE12982CF}.Debug|Any CPU.ActiveCfg = Debug|Any CPU
		{D6EB4056-5A45-EEFB-5E33-D6FFE12982CF}.Debug|Any CPU.Build.0 = Debug|Any CPU
		{D6EB4056-5A45-EEFB-5E33-D6FFE12982CF}.Release|Any CPU.ActiveCfg = Release|Any CPU
		{D6EB4056-5A45-EEFB-5E33-D6FFE12982CF}.Release|Any CPU.Build.0 = Release|Any CPU
		{6877705C-FBD9-0C4F-5AFB-6FB431E5D39D}.Debug|Any CPU.ActiveCfg = Debug|Any CPU
		{6877705C-FBD9-0C4F-5AFB-6FB431E5D39D}.Debug|Any CPU.Build.0 = Debug|Any CPU
		{6877705C-FBD9-0C4F-5AFB-6FB431E5D39D}.Release|Any CPU.ActiveCfg = Release|Any CPU
		{6877705C-FBD9-0C4F-5AFB-6FB431E5D39D}.Release|Any CPU.Build.0 = Release|Any CPU
		{F144E20E-2111-AE4B-25CD-7E8BCA2BD566}.Debug|Any CPU.ActiveCfg = Debug|Any CPU
		{F144E20E-2111-AE4B-25CD-7E8BCA2BD566}.Debug|Any CPU.Build.0 = Debug|Any CPU
		{F144E20E-2111-AE4B-25CD-7E8BCA2BD566}.Release|Any CPU.ActiveCfg = Release|Any CPU
		{F144E20E-2111-AE4B-25CD-7E8BCA2BD566}.Release|Any CPU.Build.0 = Release|Any CPU
	EndGlobalSection
	GlobalSection(SolutionProperties) = preSolution
		HideSolutionNode = FALSE
	EndGlobalSection
EndGlobal
